
Microsoft Visual Studio Solution File, Format Version 12.00
# Visual Studio Version 17
VisualStudioVersion = 17.0.31919.166
MinimumVisualStudioVersion = 10.0.40219.1
Project("{FAE04EC0-301F-11D3-BF4B-00C04F79EFBC}") = "StockControl.Api", "StockControl.Api\StockControl.Api.csproj", "{6537C147-054F-4E78-96DA-728DE460C898}"
EndProject
Global
	GlobalSection(SolutionConfigurationPlatforms) = preSolution
		Debug|Any CPU = Debug|Any CPU
		Release|Any CPU = Release|Any CPU
	EndGlobalSection
	GlobalSection(ProjectConfigurationPlatforms) = postSolution
		{6537C147-054F-4E78-96DA-728DE460C898}.Debug|Any CPU.ActiveCfg = Debug|Any CPU
		{6537C147-054F-4E78-96DA-728DE460C898}.Debug|Any CPU.Build.0 = Debug|Any CPU
		{6537C147-054F-4E78-96DA-728DE460C898}.Release|Any CPU.ActiveCfg = Release|Any CPU
		{6537C147-054F-4E78-96DA-728DE460C898}.Release|Any CPU.Build.0 = Release|Any CPU
	EndGlobalSection
	GlobalSection(SolutionProperties) = preSolution
		HideSolutionNode = FALSE
	EndGlobalSection
	GlobalSection(ExtensibilityGlobals) = postSolution
		SolutionGuid = {8FF7CD22-AA64-4C75-AD52-88DDA27C5FA6}
	EndGlobalSection
EndGlobal
